
Microsoft Visual Studio Solution File, Format Version 12.00
# Visual Studio Version 16
VisualStudioVersion = 16.0.31112.23
MinimumVisualStudioVersion = 10.0.40219.1
Project("{FAE04EC0-301F-11D3-BF4B-00C04F79EFBC}") = "LazyVeganFridge", "LazyVeganFridge\LazyVeganFridge.csproj", "{78627BA7-3C0B-4EAB-949D-80850696F34C}"
EndProject
Project("{FAE04EC0-301F-11D3-BF4B-00C04F79EFBC}") = "LazyVeganFridge.Tests", "LazyVeganFridge.Tests\LazyVeganFridge.Tests.csproj", "{D001C779-BFE9-4FB8-B879-4A86F3DAD2A6}"
EndProject
Global
	GlobalSection(SolutionConfigurationPlatforms) = preSolution
		Debug|Any CPU = Debug|Any CPU
		Release|Any CPU = Release|Any CPU
	EndGlobalSection
	GlobalSection(ProjectConfigurationPlatforms) = postSolution
		{78627BA7-3C0B-4EAB-949D-80850696F34C}.Debug|Any CPU.ActiveCfg = Debug|Any CPU
		{78627BA7-3C0B-4EAB-949D-80850696F34C}.Debug|Any CPU.Build.0 = Debug|Any CPU
		{78627BA7-3C0B-4EAB-949D-80850696F34C}.Release|Any CPU.ActiveCfg = Release|Any CPU
		{78627BA7-3C0B-4EAB-949D-80850696F34C}.Release|Any CPU.Build.0 = Release|Any CPU
		{D001C779-BFE9-4FB8-B879-4A86F3DAD2A6}.Debug|Any CPU.ActiveCfg = Debug|Any CPU
		{D001C779-BFE9-4FB8-B879-4A86F3DAD2A6}.Debug|Any CPU.Build.0 = Debug|Any CPU
		{D001C779-BFE9-4FB8-B879-4A86F3DAD2A6}.Release|Any CPU.ActiveCfg = Release|Any CPU
		{D001C779-BFE9-4FB8-B879-4A86F3DAD2A6}.Release|Any CPU.Build.0 = Release|Any CPU
	EndGlobalSection
	GlobalSection(SolutionProperties) = preSolution
		HideSolutionNode = FALSE
	EndGlobalSection
	GlobalSection(ExtensibilityGlobals) = postSolution
		SolutionGuid = {34B0E462-B9D6-4C56-BEA2-F69E06C04843}
	EndGlobalSection
EndGlobal
